// !$*UTF8*$!
{
	archiveVersion = 1;
	classes = {
	};
	objectVersion = 56;
	objects = {

/* Begin PBXBuildFile section */
		F40458832B7A487300C36880 /* AppDelegate.swift in Sources */ = {isa = PBXBuildFile; fileRef = F40458822B7A487300C36880 /* AppDelegate.swift */; };
		F40458852B7A487300C36880 /* SceneDelegate.swift in Sources */ = {isa = PBXBuildFile; fileRef = F40458842B7A487300C36880 /* SceneDelegate.swift */; };
		F40458872B7A487300C36880 /* MenuVC.swift in Sources */ = {isa = PBXBuildFile; fileRef = F40458862B7A487300C36880 /* MenuVC.swift */; };
		F404588A2B7A487300C36880 /* Main.storyboard in Resources */ = {isa = PBXBuildFile; fileRef = F40458882B7A487300C36880 /* Main.storyboard */; };
		F404588C2B7A487400C36880 /* Assets.xcassets in Resources */ = {isa = PBXBuildFile; fileRef = F404588B2B7A487400C36880 /* Assets.xcassets */; };
		F404588F2B7A487400C36880 /* LaunchScreen.storyboard in Resources */ = {isa = PBXBuildFile; fileRef = F404588D2B7A487400C36880 /* LaunchScreen.storyboard */; };
		F404589B2B7A4C8300C36880 /* TabBar.swift in Sources */ = {isa = PBXBuildFile; fileRef = F404589A2B7A4C8300C36880 /* TabBar.swift */; };
		F404589D2B7A4D2500C36880 /* MainTabBarVC.swift in Sources */ = {isa = PBXBuildFile; fileRef = F404589C2B7A4D2500C36880 /* MainTabBarVC.swift */; };
		F404589F2B7A4D5400C36880 /* ContactsVC.swift in Sources */ = {isa = PBXBuildFile; fileRef = F404589E2B7A4D5400C36880 /* ContactsVC.swift */; };
		F40458A12B7A4D8900C36880 /* CartVC.swift in Sources */ = {isa = PBXBuildFile; fileRef = F40458A02B7A4D8900C36880 /* CartVC.swift */; };
		F40458A42B7A537600C36880 /* DeliveryCell.swift in Sources */ = {isa = PBXBuildFile; fileRef = F40458A32B7A537600C36880 /* DeliveryCell.swift */; };
		F40458A72B7A643A00C36880 /* UIViewColors.swift in Sources */ = {isa = PBXBuildFile; fileRef = F40458A62B7A643A00C36880 /* UIViewColors.swift */; };
		F40458A92B7A671200C36880 /* StoriesTVCell.swift in Sources */ = {isa = PBXBuildFile; fileRef = F40458A82B7A671200C36880 /* StoriesTVCell.swift */; };
		F40458AC2B7A6CB500C36880 /* Story.swift in Sources */ = {isa = PBXBuildFile; fileRef = F40458AB2B7A6CB500C36880 /* Story.swift */; };
		F44B4D392B7BDAC100744632 /* CenterZoomCollectionViewLayout.swift in Sources */ = {isa = PBXBuildFile; fileRef = F44B4D382B7BDAC100744632 /* CenterZoomCollectionViewLayout.swift */; };
		F44B4D3B2B7BDB6900744632 /* SpecialsTVCell.swift in Sources */ = {isa = PBXBuildFile; fileRef = F44B4D3A2B7BDB6900744632 /* SpecialsTVCell.swift */; };
		F44B4D3D2B7BDE7800744632 /* Special.swift in Sources */ = {isa = PBXBuildFile; fileRef = F44B4D3C2B7BDE7800744632 /* Special.swift */; };
		F44B4D3F2B7D0FB000744632 /* Category.swift in Sources */ = {isa = PBXBuildFile; fileRef = F44B4D3E2B7D0FB000744632 /* Category.swift */; };
		F44B4D412B7D10C300744632 /* CategoriesTVCell.swift in Sources */ = {isa = PBXBuildFile; fileRef = F44B4D402B7D10C300744632 /* CategoriesTVCell.swift */; };
/* End PBXBuildFile section */

/* Begin PBXFileReference section */
		F404587F2B7A487300C36880 /* Local-Pizza.app */ = {isa = PBXFileReference; explicitFileType = wrapper.application; includeInIndex = 0; path = "Local-Pizza.app"; sourceTree = BUILT_PRODUCTS_DIR; };
		F40458822B7A487300C36880 /* AppDelegate.swift */ = {isa = PBXFileReference; lastKnownFileType = sourcecode.swift; path = AppDelegate.swift; sourceTree = "<group>"; };
		F40458842B7A487300C36880 /* SceneDelegate.swift */ = {isa = PBXFileReference; lastKnownFileType = sourcecode.swift; path = SceneDelegate.swift; sourceTree = "<group>"; };
		F40458862B7A487300C36880 /* MenuVC.swift */ = {isa = PBXFileReference; lastKnownFileType = sourcecode.swift; path = MenuVC.swift; sourceTree = "<group>"; };
		F40458892B7A487300C36880 /* Base */ = {isa = PBXFileReference; lastKnownFileType = file.storyboard; name = Base; path = Base.lproj/Main.storyboard; sourceTree = "<group>"; };
		F404588B2B7A487400C36880 /* Assets.xcassets */ = {isa = PBXFileReference; lastKnownFileType = folder.assetcatalog; path = Assets.xcassets; sourceTree = "<group>"; };
		F404588E2B7A487400C36880 /* Base */ = {isa = PBXFileReference; lastKnownFileType = file.storyboard; name = Base; path = Base.lproj/LaunchScreen.storyboard; sourceTree = "<group>"; };
		F40458902B7A487400C36880 /* Info.plist */ = {isa = PBXFileReference; lastKnownFileType = text.plist.xml; path = Info.plist; sourceTree = "<group>"; };
		F404589A2B7A4C8300C36880 /* TabBar.swift */ = {isa = PBXFileReference; lastKnownFileType = sourcecode.swift; path = TabBar.swift; sourceTree = "<group>"; };
		F404589C2B7A4D2500C36880 /* MainTabBarVC.swift */ = {isa = PBXFileReference; lastKnownFileType = sourcecode.swift; path = MainTabBarVC.swift; sourceTree = "<group>"; };
		F404589E2B7A4D5400C36880 /* ContactsVC.swift */ = {isa = PBXFileReference; lastKnownFileType = sourcecode.swift; path = ContactsVC.swift; sourceTree = "<group>"; };
		F40458A02B7A4D8900C36880 /* CartVC.swift */ = {isa = PBXFileReference; lastKnownFileType = sourcecode.swift; path = CartVC.swift; sourceTree = "<group>"; };
		F40458A32B7A537600C36880 /* DeliveryCell.swift */ = {isa = PBXFileReference; lastKnownFileType = sourcecode.swift; path = DeliveryCell.swift; sourceTree = "<group>"; };
		F40458A62B7A643A00C36880 /* UIViewColors.swift */ = {isa = PBXFileReference; lastKnownFileType = sourcecode.swift; path = UIViewColors.swift; sourceTree = "<group>"; };
		F40458A82B7A671200C36880 /* StoriesTVCell.swift */ = {isa = PBXFileReference; lastKnownFileType = sourcecode.swift; path = StoriesTVCell.swift; sourceTree = "<group>"; };
		F40458AB2B7A6CB500C36880 /* Story.swift */ = {isa = PBXFileReference; lastKnownFileType = sourcecode.swift; path = Story.swift; sourceTree = "<group>"; };
		F44B4D382B7BDAC100744632 /* CenterZoomCollectionViewLayout.swift */ = {isa = PBXFileReference; lastKnownFileType = sourcecode.swift; path = CenterZoomCollectionViewLayout.swift; sourceTree = "<group>"; };
		F44B4D3A2B7BDB6900744632 /* SpecialsTVCell.swift */ = {isa = PBXFileReference; lastKnownFileType = sourcecode.swift; path = SpecialsTVCell.swift; sourceTree = "<group>"; };
		F44B4D3C2B7BDE7800744632 /* Special.swift */ = {isa = PBXFileReference; lastKnownFileType = sourcecode.swift; path = Special.swift; sourceTree = "<group>"; };
		F44B4D3E2B7D0FB000744632 /* Category.swift */ = {isa = PBXFileReference; lastKnownFileType = sourcecode.swift; path = Category.swift; sourceTree = "<group>"; };
		F44B4D402B7D10C300744632 /* CategoriesTVCell.swift */ = {isa = PBXFileReference; lastKnownFileType = sourcecode.swift; path = CategoriesTVCell.swift; sourceTree = "<group>"; };
/* End PBXFileReference section */

/* Begin PBXFrameworksBuildPhase section */
		F404587C2B7A487300C36880 /* Frameworks */ = {
			isa = PBXFrameworksBuildPhase;
			buildActionMask = 2147483647;
			files = (
			);
			runOnlyForDeploymentPostprocessing = 0;
		};
/* End PBXFrameworksBuildPhase section */

/* Begin PBXGroup section */
		F40458762B7A487300C36880 = {
			isa = PBXGroup;
			children = (
				F40458812B7A487300C36880 /* Local-Pizza */,
				F40458802B7A487300C36880 /* Products */,
			);
			sourceTree = "<group>";
		};
		F40458802B7A487300C36880 /* Products */ = {
			isa = PBXGroup;
			children = (
				F404587F2B7A487300C36880 /* Local-Pizza.app */,
			);
			name = Products;
			sourceTree = "<group>";
		};
		F40458812B7A487300C36880 /* Local-Pizza */ = {
			isa = PBXGroup;
			children = (
				F40458962B7A489C00C36880 /* App */,
				F40458992B7A4C6400C36880 /* TabBar */,
				F40458982B7A48B100C36880 /* Controller */,
				F40458A22B7A52E400C36880 /* Cell */,
				F40458AA2B7A6C9800C36880 /* Model */,
				F40458A52B7A640A00C36880 /* Extensions */,
				F44B4D372B7BDA9F00744632 /* Custom */,
				F40458972B7A48A700C36880 /* Resources */,
			);
			path = "Local-Pizza";
			sourceTree = "<group>";
		};
		F40458962B7A489C00C36880 /* App */ = {
			isa = PBXGroup;
			children = (
				F40458822B7A487300C36880 /* AppDelegate.swift */,
				F40458842B7A487300C36880 /* SceneDelegate.swift */,
			);
			path = App;
			sourceTree = "<group>";
		};
		F40458972B7A48A700C36880 /* Resources */ = {
			isa = PBXGroup;
			children = (
				F40458882B7A487300C36880 /* Main.storyboard */,
				F404588B2B7A487400C36880 /* Assets.xcassets */,
				F404588D2B7A487400C36880 /* LaunchScreen.storyboard */,
				F40458902B7A487400C36880 /* Info.plist */,
			);
			path = Resources;
			sourceTree = "<group>";
		};
		F40458982B7A48B100C36880 /* Controller */ = {
			isa = PBXGroup;
			children = (
				F40458862B7A487300C36880 /* MenuVC.swift */,
				F404589E2B7A4D5400C36880 /* ContactsVC.swift */,
				F40458A02B7A4D8900C36880 /* CartVC.swift */,
			);
			path = Controller;
			sourceTree = "<group>";
		};
		F40458992B7A4C6400C36880 /* TabBar */ = {
			isa = PBXGroup;
			children = (
				F404589A2B7A4C8300C36880 /* TabBar.swift */,
				F404589C2B7A4D2500C36880 /* MainTabBarVC.swift */,
			);
			path = TabBar;
			sourceTree = "<group>";
		};
		F40458A22B7A52E400C36880 /* Cell */ = {
			isa = PBXGroup;
			children = (
				F40458A32B7A537600C36880 /* DeliveryCell.swift */,
				F40458A82B7A671200C36880 /* StoriesTVCell.swift */,
				F44B4D3A2B7BDB6900744632 /* SpecialsTVCell.swift */,
				F44B4D402B7D10C300744632 /* CategoriesTVCell.swift */,
			);
			path = Cell;
			sourceTree = "<group>";
		};
		F40458A52B7A640A00C36880 /* Extensions */ = {
			isa = PBXGroup;
			children = (
				F40458A62B7A643A00C36880 /* UIViewColors.swift */,
			);
			path = Extensions;
			sourceTree = "<group>";
		};
		F40458AA2B7A6C9800C36880 /* Model */ = {
			isa = PBXGroup;
			children = (
				F40458AB2B7A6CB500C36880 /* Story.swift */,
				F44B4D3C2B7BDE7800744632 /* Special.swift */,
				F44B4D3E2B7D0FB000744632 /* Category.swift */,
			);
			path = Model;
			sourceTree = "<group>";
		};
		F44B4D372B7BDA9F00744632 /* Custom */ = {
			isa = PBXGroup;
			children = (
				F44B4D382B7BDAC100744632 /* CenterZoomCollectionViewLayout.swift */,
			);
			path = Custom;
			sourceTree = "<group>";
		};
/* End PBXGroup section */

/* Begin PBXNativeTarget section */
		F404587E2B7A487300C36880 /* Local-Pizza */ = {
			isa = PBXNativeTarget;
			buildConfigurationList = F40458932B7A487400C36880 /* Build configuration list for PBXNativeTarget "Local-Pizza" */;
			buildPhases = (
				F404587B2B7A487300C36880 /* Sources */,
				F404587C2B7A487300C36880 /* Frameworks */,
				F404587D2B7A487300C36880 /* Resources */,
			);
			buildRules = (
			);
			dependencies = (
			);
			name = "Local-Pizza";
			productName = "Local-Pizza";
			productReference = F404587F2B7A487300C36880 /* Local-Pizza.app */;
			productType = "com.apple.product-type.application";
		};
/* End PBXNativeTarget section */

/* Begin PBXProject section */
		F40458772B7A487300C36880 /* Project object */ = {
			isa = PBXProject;
			attributes = {
				BuildIndependentTargetsInParallel = 1;
				LastSwiftUpdateCheck = 1520;
				LastUpgradeCheck = 1520;
				TargetAttributes = {
					F404587E2B7A487300C36880 = {
						CreatedOnToolsVersion = 15.2;
					};
				};
			};
			buildConfigurationList = F404587A2B7A487300C36880 /* Build configuration list for PBXProject "Local-Pizza" */;
			compatibilityVersion = "Xcode 14.0";
			developmentRegion = en;
			hasScannedForEncodings = 0;
			knownRegions = (
				en,
				Base,
			);
			mainGroup = F40458762B7A487300C36880;
			productRefGroup = F40458802B7A487300C36880 /* Products */;
			projectDirPath = "";
			projectRoot = "";
			targets = (
				F404587E2B7A487300C36880 /* Local-Pizza */,
			);
		};
/* End PBXProject section */

/* Begin PBXResourcesBuildPhase section */
		F404587D2B7A487300C36880 /* Resources */ = {
			isa = PBXResourcesBuildPhase;
			buildActionMask = 2147483647;
			files = (
				F404588F2B7A487400C36880 /* LaunchScreen.storyboard in Resources */,
				F404588C2B7A487400C36880 /* Assets.xcassets in Resources */,
				F404588A2B7A487300C36880 /* Main.storyboard in Resources */,
			);
			runOnlyForDeploymentPostprocessing = 0;
		};
/* End PBXResourcesBuildPhase section */

/* Begin PBXSourcesBuildPhase section */
		F404587B2B7A487300C36880 /* Sources */ = {
			isa = PBXSourcesBuildPhase;
			buildActionMask = 2147483647;
			files = (
				F40458872B7A487300C36880 /* MenuVC.swift in Sources */,
				F44B4D412B7D10C300744632 /* CategoriesTVCell.swift in Sources */,
				F40458A42B7A537600C36880 /* DeliveryCell.swift in Sources */,
				F44B4D392B7BDAC100744632 /* CenterZoomCollectionViewLayout.swift in Sources */,
				F404589D2B7A4D2500C36880 /* MainTabBarVC.swift in Sources */,
				F40458832B7A487300C36880 /* AppDelegate.swift in Sources */,
				F404589F2B7A4D5400C36880 /* ContactsVC.swift in Sources */,
				F40458A12B7A4D8900C36880 /* CartVC.swift in Sources */,
				F40458852B7A487300C36880 /* SceneDelegate.swift in Sources */,
				F40458A92B7A671200C36880 /* StoriesTVCell.swift in Sources */,
				F44B4D3D2B7BDE7800744632 /* Special.swift in Sources */,
				F40458A72B7A643A00C36880 /* UIViewColors.swift in Sources */,
				F44B4D3F2B7D0FB000744632 /* Category.swift in Sources */,
				F404589B2B7A4C8300C36880 /* TabBar.swift in Sources */,
				F40458AC2B7A6CB500C36880 /* Story.swift in Sources */,
				F44B4D3B2B7BDB6900744632 /* SpecialsTVCell.swift in Sources */,
			);
			runOnlyForDeploymentPostprocessing = 0;
		};
/* End PBXSourcesBuildPhase section */

/* Begin PBXVariantGroup section */
		F40458882B7A487300C36880 /* Main.storyboard */ = {
			isa = PBXVariantGroup;
			children = (
				F40458892B7A487300C36880 /* Base */,
			);
			name = Main.storyboard;
			sourceTree = "<group>";
		};
		F404588D2B7A487400C36880 /* LaunchScreen.storyboard */ = {
			isa = PBXVariantGroup;
			children = (
				F404588E2B7A487400C36880 /* Base */,
			);
			name = LaunchScreen.storyboard;
			sourceTree = "<group>";
		};
/* End PBXVariantGroup section */

/* Begin XCBuildConfiguration section */
		F40458912B7A487400C36880 /* Debug */ = {
			isa = XCBuildConfiguration;
			buildSettings = {
				ALWAYS_SEARCH_USER_PATHS = NO;
				ASSETCATALOG_COMPILER_GENERATE_SWIFT_ASSET_SYMBOL_EXTENSIONS = YES;
				CLANG_ANALYZER_NONNULL = YES;
				CLANG_ANALYZER_NUMBER_OBJECT_CONVERSION = YES_AGGRESSIVE;
				CLANG_CXX_LANGUAGE_STANDARD = "gnu++20";
				CLANG_ENABLE_MODULES = YES;
				CLANG_ENABLE_OBJC_ARC = YES;
				CLANG_ENABLE_OBJC_WEAK = YES;
				CLANG_WARN_BLOCK_CAPTURE_AUTORELEASING = YES;
				CLANG_WARN_BOOL_CONVERSION = YES;
				CLANG_WARN_COMMA = YES;
				CLANG_WARN_CONSTANT_CONVERSION = YES;
				CLANG_WARN_DEPRECATED_OBJC_IMPLEMENTATIONS = YES;
				CLANG_WARN_DIRECT_OBJC_ISA_USAGE = YES_ERROR;
				CLANG_WARN_DOCUMENTATION_COMMENTS = YES;
				CLANG_WARN_EMPTY_BODY = YES;
				CLANG_WARN_ENUM_CONVERSION = YES;
				CLANG_WARN_INFINITE_RECURSION = YES;
				CLANG_WARN_INT_CONVERSION = YES;
				CLANG_WARN_NON_LITERAL_NULL_CONVERSION = YES;
				CLANG_WARN_OBJC_IMPLICIT_RETAIN_SELF = YES;
				CLANG_WARN_OBJC_LITERAL_CONVERSION = YES;
				CLANG_WARN_OBJC_ROOT_CLASS = YES_ERROR;
				CLANG_WARN_QUOTED_INCLUDE_IN_FRAMEWORK_HEADER = YES;
				CLANG_WARN_RANGE_LOOP_ANALYSIS = YES;
				CLANG_WARN_STRICT_PROTOTYPES = YES;
				CLANG_WARN_SUSPICIOUS_MOVE = YES;
				CLANG_WARN_UNGUARDED_AVAILABILITY = YES_AGGRESSIVE;
				CLANG_WARN_UNREACHABLE_CODE = YES;
				CLANG_WARN__DUPLICATE_METHOD_MATCH = YES;
				COPY_PHASE_STRIP = NO;
				DEBUG_INFORMATION_FORMAT = dwarf;
				ENABLE_STRICT_OBJC_MSGSEND = YES;
				ENABLE_TESTABILITY = YES;
				ENABLE_USER_SCRIPT_SANDBOXING = YES;
				GCC_C_LANGUAGE_STANDARD = gnu17;
				GCC_DYNAMIC_NO_PIC = NO;
				GCC_NO_COMMON_BLOCKS = YES;
				GCC_OPTIMIZATION_LEVEL = 0;
				GCC_PREPROCESSOR_DEFINITIONS = (
					"DEBUG=1",
					"$(inherited)",
				);
				GCC_WARN_64_TO_32_BIT_CONVERSION = YES;
				GCC_WARN_ABOUT_RETURN_TYPE = YES_ERROR;
				GCC_WARN_UNDECLARED_SELECTOR = YES;
				GCC_WARN_UNINITIALIZED_AUTOS = YES_AGGRESSIVE;
				GCC_WARN_UNUSED_FUNCTION = YES;
				GCC_WARN_UNUSED_VARIABLE = YES;
				IPHONEOS_DEPLOYMENT_TARGET = 17.2;
				LOCALIZATION_PREFERS_STRING_CATALOGS = YES;
				MTL_ENABLE_DEBUG_INFO = INCLUDE_SOURCE;
				MTL_FAST_MATH = YES;
				ONLY_ACTIVE_ARCH = YES;
				SDKROOT = iphoneos;
				SWIFT_ACTIVE_COMPILATION_CONDITIONS = "DEBUG $(inherited)";
				SWIFT_OPTIMIZATION_LEVEL = "-Onone";
			};
			name = Debug;
		};
		F40458922B7A487400C36880 /* Release */ = {
			isa = XCBuildConfiguration;
			buildSettings = {
				ALWAYS_SEARCH_USER_PATHS = NO;
				ASSETCATALOG_COMPILER_GENERATE_SWIFT_ASSET_SYMBOL_EXTENSIONS = YES;
				CLANG_ANALYZER_NONNULL = YES;
				CLANG_ANALYZER_NUMBER_OBJECT_CONVERSION = YES_AGGRESSIVE;
				CLANG_CXX_LANGUAGE_STANDARD = "gnu++20";
				CLANG_ENABLE_MODULES = YES;
				CLANG_ENABLE_OBJC_ARC = YES;
				CLANG_ENABLE_OBJC_WEAK = YES;
				CLANG_WARN_BLOCK_CAPTURE_AUTORELEASING = YES;
				CLANG_WARN_BOOL_CONVERSION = YES;
				CLANG_WARN_COMMA = YES;
				CLANG_WARN_CONSTANT_CONVERSION = YES;
				CLANG_WARN_DEPRECATED_OBJC_IMPLEMENTATIONS = YES;
				CLANG_WARN_DIRECT_OBJC_ISA_USAGE = YES_ERROR;
				CLANG_WARN_DOCUMENTATION_COMMENTS = YES;
				CLANG_WARN_EMPTY_BODY = YES;
				CLANG_WARN_ENUM_CONVERSION = YES;
				CLANG_WARN_INFINITE_RECURSION = YES;
				CLANG_WARN_INT_CONVERSION = YES;
				CLANG_WARN_NON_LITERAL_NULL_CONVERSION = YES;
				CLANG_WARN_OBJC_IMPLICIT_RETAIN_SELF = YES;
				CLANG_WARN_OBJC_LITERAL_CONVERSION = YES;
				CLANG_WARN_OBJC_ROOT_CLASS = YES_ERROR;
				CLANG_WARN_QUOTED_INCLUDE_IN_FRAMEWORK_HEADER = YES;
				CLANG_WARN_RANGE_LOOP_ANALYSIS = YES;
				CLANG_WARN_STRICT_PROTOTYPES = YES;
				CLANG_WARN_SUSPICIOUS_MOVE = YES;
				CLANG_WARN_UNGUARDED_AVAILABILITY = YES_AGGRESSIVE;
				CLANG_WARN_UNREACHABLE_CODE = YES;
				CLANG_WARN__DUPLICATE_METHOD_MATCH = YES;
				COPY_PHASE_STRIP = NO;
				DEBUG_INFORMATION_FORMAT = "dwarf-with-dsym";
				ENABLE_NS_ASSERTIONS = NO;
				ENABLE_STRICT_OBJC_MSGSEND = YES;
				ENABLE_USER_SCRIPT_SANDBOXING = YES;
				GCC_C_LANGUAGE_STANDARD = gnu17;
				GCC_NO_COMMON_BLOCKS = YES;
				GCC_WARN_64_TO_32_BIT_CONVERSION = YES;
				GCC_WARN_ABOUT_RETURN_TYPE = YES_ERROR;
				GCC_WARN_UNDECLARED_SELECTOR = YES;
				GCC_WARN_UNINITIALIZED_AUTOS = YES_AGGRESSIVE;
				GCC_WARN_UNUSED_FUNCTION = YES;
				GCC_WARN_UNUSED_VARIABLE = YES;
				IPHONEOS_DEPLOYMENT_TARGET = 17.2;
				LOCALIZATION_PREFERS_STRING_CATALOGS = YES;
				MTL_ENABLE_DEBUG_INFO = NO;
				MTL_FAST_MATH = YES;
				SDKROOT = iphoneos;
				SWIFT_COMPILATION_MODE = wholemodule;
				VALIDATE_PRODUCT = YES;
			};
			name = Release;
		};
		F40458942B7A487400C36880 /* Debug */ = {
			isa = XCBuildConfiguration;
			buildSettings = {
				ASSETCATALOG_COMPILER_APPICON_NAME = AppIcon;
				ASSETCATALOG_COMPILER_GLOBAL_ACCENT_COLOR_NAME = AccentColor;
				CODE_SIGN_STYLE = Automatic;
				CURRENT_PROJECT_VERSION = 1;
				DEVELOPMENT_TEAM = LS5WY3DH94;
				GENERATE_INFOPLIST_FILE = YES;
				INFOPLIST_FILE = "Local-Pizza/Resources/Info.plist";
				INFOPLIST_KEY_UIApplicationSupportsIndirectInputEvents = YES;
				INFOPLIST_KEY_UILaunchStoryboardName = LaunchScreen;
				INFOPLIST_KEY_UIMainStoryboardFile = Main;
				INFOPLIST_KEY_UISupportedInterfaceOrientations_iPad = "UIInterfaceOrientationPortrait UIInterfaceOrientationPortraitUpsideDown UIInterfaceOrientationLandscapeLeft UIInterfaceOrientationLandscapeRight";
				INFOPLIST_KEY_UISupportedInterfaceOrientations_iPhone = "UIInterfaceOrientationPortrait UIInterfaceOrientationLandscapeLeft UIInterfaceOrientationLandscapeRight";
				IPHONEOS_DEPLOYMENT_TARGET = 16.0;
				LD_RUNPATH_SEARCH_PATHS = (
					"$(inherited)",
					"@executable_path/Frameworks",
				);
				MARKETING_VERSION = 1.0;
				PRODUCT_BUNDLE_IDENTIFIER = "com.anzmax.Local-Pizza";
				PRODUCT_NAME = "$(TARGET_NAME)";
				SUPPORTED_PLATFORMS = "iphoneos iphonesimulator";
				SUPPORTS_MACCATALYST = NO;
				SUPPORTS_MAC_DESIGNED_FOR_IPHONE_IPAD = NO;
				SUPPORTS_XR_DESIGNED_FOR_IPHONE_IPAD = NO;
				SWIFT_EMIT_LOC_STRINGS = YES;
				SWIFT_VERSION = 5.0;
				TARGETED_DEVICE_FAMILY = "1,2";
			};
			name = Debug;
		};
		F40458952B7A487400C36880 /* Release */ = {
			isa = XCBuildConfiguration;
			buildSettings = {
				ASSETCATALOG_COMPILER_APPICON_NAME = AppIcon;
				ASSETCATALOG_COMPILER_GLOBAL_ACCENT_COLOR_NAME = AccentColor;
				CODE_SIGN_STYLE = Automatic;
				CURRENT_PROJECT_VERSION = 1;
				DEVELOPMENT_TEAM = LS5WY3DH94;
				GENERATE_INFOPLIST_FILE = YES;
				INFOPLIST_FILE = "Local-Pizza/Resources/Info.plist";
				INFOPLIST_KEY_UIApplicationSupportsIndirectInputEvents = YES;
				INFOPLIST_KEY_UILaunchStoryboardName = LaunchScreen;
				INFOPLIST_KEY_UIMainStoryboardFile = Main;
				INFOPLIST_KEY_UISupportedInterfaceOrientations_iPad = "UIInterfaceOrientationPortrait UIInterfaceOrientationPortraitUpsideDown UIInterfaceOrientationLandscapeLeft UIInterfaceOrientationLandscapeRight";
				INFOPLIST_KEY_UISupportedInterfaceOrientations_iPhone = "UIInterfaceOrientationPortrait UIInterfaceOrientationLandscapeLeft UIInterfaceOrientationLandscapeRight";
				IPHONEOS_DEPLOYMENT_TARGET = 16.0;
				LD_RUNPATH_SEARCH_PATHS = (
					"$(inherited)",
					"@executable_path/Frameworks",
				);
				MARKETING_VERSION = 1.0;
				PRODUCT_BUNDLE_IDENTIFIER = "com.anzmax.Local-Pizza";
				PRODUCT_NAME = "$(TARGET_NAME)";
				SUPPORTED_PLATFORMS = "iphoneos iphonesimulator";
				SUPPORTS_MACCATALYST = NO;
				SUPPORTS_MAC_DESIGNED_FOR_IPHONE_IPAD = NO;
				SUPPORTS_XR_DESIGNED_FOR_IPHONE_IPAD = NO;
				SWIFT_EMIT_LOC_STRINGS = YES;
				SWIFT_VERSION = 5.0;
				TARGETED_DEVICE_FAMILY = "1,2";
			};
			name = Release;
		};
/* End XCBuildConfiguration section */

/* Begin XCConfigurationList section */
		F404587A2B7A487300C36880 /* Build configuration list for PBXProject "Local-Pizza" */ = {
			isa = XCConfigurationList;
			buildConfigurations = (
				F40458912B7A487400C36880 /* Debug */,
				F40458922B7A487400C36880 /* Release */,
			);
			defaultConfigurationIsVisible = 0;
			defaultConfigurationName = Release;
		};
		F40458932B7A487400C36880 /* Build configuration list for PBXNativeTarget "Local-Pizza" */ = {
			isa = XCConfigurationList;
			buildConfigurations = (
				F40458942B7A487400C36880 /* Debug */,
				F40458952B7A487400C36880 /* Release */,
			);
			defaultConfigurationIsVisible = 0;
			defaultConfigurationName = Release;
		};
/* End XCConfigurationList section */
	};
	rootObject = F40458772B7A487300C36880 /* Project object */;
}
